
Microsoft Visual Studio Solution File, Format Version 12.00
# Visual Studio Version 17
VisualStudioVersion = 17.7.34221.43
MinimumVisualStudioVersion = 10.0.40219.1
Project("{FAE04EC0-301F-11D3-BF4B-00C04F79EFBC}") = "FirstC#App", "FirstC#App.csproj", "{A852EF4A-E726-4301-90B2-A2D8827DCEBB}"
EndProject
Global
	GlobalSection(SolutionConfigurationPlatforms) = preSolution
		Debug|Any CPU = Debug|Any CPU
		Release|Any CPU = Release|Any CPU
	EndGlobalSection
	GlobalSection(ProjectConfigurationPlatforms) = postSolution
		{A852EF4A-E726-4301-90B2-A2D8827DCEBB}.Debug|Any CPU.ActiveCfg = Debug|Any CPU
		{A852EF4A-E726-4301-90B2-A2D8827DCEBB}.Debug|Any CPU.Build.0 = Debug|Any CPU
		{A852EF4A-E726-4301-90B2-A2D8827DCEBB}.Release|Any CPU.ActiveCfg = Release|Any CPU
		{A852EF4A-E726-4301-90B2-A2D8827DCEBB}.Release|Any CPU.Build.0 = Release|Any CPU
	EndGlobalSection
	GlobalSection(SolutionProperties) = preSolution
		HideSolutionNode = FALSE
	EndGlobalSection
	GlobalSection(ExtensibilityGlobals) = postSolution
		SolutionGuid = {E1006AB5-72F7-4F96-9A78-82727DA6BF1A}
	EndGlobalSection
EndGlobal
